
Microsoft Visual Studio Solution File, Format Version 12.00
# Visual Studio Version 16
VisualStudioVersion = 16.0.31702.278
MinimumVisualStudioVersion = 10.0.40219.1
Project("{FAE04EC0-301F-11D3-BF4B-00C04F79EFBC}") = "atividadeCsharp", "teste\atividadeCsharp.csproj", "{940A9F4A-C613-4CF6-8B5E-B8090826DC44}"
EndProject
Global
	GlobalSection(SolutionConfigurationPlatforms) = preSolution
		Debug|Any CPU = Debug|Any CPU
		Release|Any CPU = Release|Any CPU
	EndGlobalSection
	GlobalSection(ProjectConfigurationPlatforms) = postSolution
		{940A9F4A-C613-4CF6-8B5E-B8090826DC44}.Debug|Any CPU.ActiveCfg = Debug|Any CPU
		{940A9F4A-C613-4CF6-8B5E-B8090826DC44}.Debug|Any CPU.Build.0 = Debug|Any CPU
		{940A9F4A-C613-4CF6-8B5E-B8090826DC44}.Release|Any CPU.ActiveCfg = Release|Any CPU
		{940A9F4A-C613-4CF6-8B5E-B8090826DC44}.Release|Any CPU.Build.0 = Release|Any CPU
	EndGlobalSection
	GlobalSection(SolutionProperties) = preSolution
		HideSolutionNode = FALSE
	EndGlobalSection
	GlobalSection(ExtensibilityGlobals) = postSolution
		SolutionGuid = {35A026D2-F074-4C53-BC9F-223843958E8C}
	EndGlobalSection
EndGlobal
